# This is a Gradle generated file for dependency locking.
# Manual edits can break the build and are not advised.
# This file is expected to be part of source control.
co.nstant.in:cbor:0.9=annotationProcessor,compileClasspath,testCompileClasspath,testRuntimeClasspath
com.bloxbean.cardano:cardano-client-address:0.8.0-pre5=annotationProcessor,compileClasspath,testCompileClasspath,testRuntimeClasspath
com.bloxbean.cardano:cardano-client-backend-blockfrost:0.8.0-pre5=testCompileClasspath,testRuntimeClasspath
com.bloxbean.cardano:cardano-client-backend:0.8.0-pre5=annotationProcessor,compileClasspath,testCompileClasspath,testRuntimeClasspath
com.bloxbean.cardano:cardano-client-cip102:0.8.0-pre5=annotationProcessor,compileClasspath,testCompileClasspath,testRuntimeClasspath
com.bloxbean.cardano:cardano-client-cip20:0.8.0-pre5=annotationProcessor,compileClasspath,testCompileClasspath,testRuntimeClasspath
com.bloxbean.cardano:cardano-client-cip25:0.8.0-pre5=annotationProcessor,compileClasspath,testCompileClasspath,testRuntimeClasspath
com.bloxbean.cardano:cardano-client-cip27:0.8.0-pre5=annotationProcessor,compileClasspath,testCompileClasspath,testRuntimeClasspath
com.bloxbean.cardano:cardano-client-cip30:0.8.0-pre5=annotationProcessor,compileClasspath,testCompileClasspath,testRuntimeClasspath
com.bloxbean.cardano:cardano-client-cip67:0.8.0-pre5=annotationProcessor,compileClasspath,testCompileClasspath,testRuntimeClasspath
com.bloxbean.cardano:cardano-client-cip68:0.8.0-pre5=annotationProcessor,compileClasspath,testCompileClasspath,testRuntimeClasspath
com.bloxbean.cardano:cardano-client-cip8:0.8.0-pre5=annotationProcessor,compileClasspath,testCompileClasspath,testRuntimeClasspath
com.bloxbean.cardano:cardano-client-cip:0.8.0-pre5=annotationProcessor,compileClasspath,testCompileClasspath,testRuntimeClasspath
com.bloxbean.cardano:cardano-client-coinselection:0.8.0-pre5=annotationProcessor,compileClasspath,testCompileClasspath,testRuntimeClasspath
com.bloxbean.cardano:cardano-client-common-spec:0.8.0-pre5=annotationProcessor,compileClasspath,testCompileClasspath,testRuntimeClasspath
com.bloxbean.cardano:cardano-client-common:0.8.0-pre5=annotationProcessor,compileClasspath,testCompileClasspath,testRuntimeClasspath
com.bloxbean.cardano:cardano-client-core-api:0.8.0-pre5=annotationProcessor,compileClasspath,testCompileClasspath,testRuntimeClasspath
com.bloxbean.cardano:cardano-client-core:0.8.0-pre5=annotationProcessor,compileClasspath,testCompileClasspath,testRuntimeClasspath
com.bloxbean.cardano:cardano-client-crypto:0.8.0-pre5=annotationProcessor,compileClasspath,testCompileClasspath,testRuntimeClasspath
com.bloxbean.cardano:cardano-client-function:0.8.0-pre5=annotationProcessor,compileClasspath,testCompileClasspath,testRuntimeClasspath
com.bloxbean.cardano:cardano-client-governance:0.8.0-pre5=annotationProcessor,compileClasspath,testCompileClasspath,testRuntimeClasspath
com.bloxbean.cardano:cardano-client-hd-wallet:0.8.0-pre5=annotationProcessor,compileClasspath,testCompileClasspath,testRuntimeClasspath
com.bloxbean.cardano:cardano-client-lib:0.8.0-pre5=annotationProcessor,compileClasspath,testCompileClasspath,testRuntimeClasspath
com.bloxbean.cardano:cardano-client-metadata:0.8.0-pre5=annotationProcessor,compileClasspath,testCompileClasspath,testRuntimeClasspath
com.bloxbean.cardano:cardano-client-plutus:0.8.0-pre5=annotationProcessor,compileClasspath,testCompileClasspath,testRuntimeClasspath
com.bloxbean.cardano:cardano-client-quicktx:0.8.0-pre5=annotationProcessor,compileClasspath,testCompileClasspath,testRuntimeClasspath
com.bloxbean.cardano:cardano-client-transaction-spec:0.8.0-pre5=annotationProcessor,compileClasspath,testCompileClasspath,testRuntimeClasspath
com.bloxbean.cardano:julc-annotation-processor:0.1.0-pre17-6754861-SNAPSHOT=annotationProcessor
com.bloxbean.cardano:julc-bls:0.1.0-pre17-6754861-SNAPSHOT=testRuntimeClasspath
com.bloxbean.cardano:julc-blueprint:0.1.0-pre17-6754861-SNAPSHOT=annotationProcessor
com.bloxbean.cardano:julc-cardano-client-lib:0.1.0-pre17-6754861-SNAPSHOT=annotationProcessor,compileClasspath,testCompileClasspath,testRuntimeClasspath
com.bloxbean.cardano:julc-compiler:0.1.0-pre17-6754861-SNAPSHOT=annotationProcessor,testCompileClasspath,testRuntimeClasspath
com.bloxbean.cardano:julc-core:0.1.0-pre17-6754861-SNAPSHOT=annotationProcessor,compileClasspath,testCompileClasspath,testRuntimeClasspath
com.bloxbean.cardano:julc-ledger-api:0.1.0-pre17-6754861-SNAPSHOT=annotationProcessor,compileClasspath,testCompileClasspath,testRuntimeClasspath
com.bloxbean.cardano:julc-stdlib:0.1.0-pre17-6754861-SNAPSHOT=annotationProcessor,compileClasspath,testCompileClasspath,testRuntimeClasspath
com.bloxbean.cardano:julc-testkit:0.1.0-pre17-6754861-SNAPSHOT=testCompileClasspath,testRuntimeClasspath
com.bloxbean.cardano:julc-vm-java:0.1.0-pre17-6754861-SNAPSHOT=testRuntimeClasspath
com.bloxbean.cardano:julc-vm:0.1.0-pre17-6754861-SNAPSHOT=annotationProcessor,testCompileClasspath,testRuntimeClasspath
com.bloxbean.cardano:net-i2p-crypto-eddsa:0.3.1=annotationProcessor,testRuntimeClasspath
com.fasterxml.jackson.core:jackson-annotations:2.21=annotationProcessor,compileClasspath,testCompileClasspath,testRuntimeClasspath
com.fasterxml.jackson.core:jackson-core:2.21.0=annotationProcessor,compileClasspath,testCompileClasspath,testRuntimeClasspath
com.fasterxml.jackson.core:jackson-databind:2.21.0=annotationProcessor,compileClasspath,testCompileClasspath,testRuntimeClasspath
com.fasterxml.jackson.dataformat:jackson-dataformat-yaml:2.21.0=annotationProcessor,testRuntimeClasspath
com.fasterxml.jackson:jackson-bom:2.21.0=annotationProcessor,compileClasspath,testCompileClasspath,testRuntimeClasspath
com.github.javaparser:javaparser-core:3.26.3=annotationProcessor,testRuntimeClasspath
com.google.errorprone:error_prone_annotations:2.41.0=annotationProcessor,testRuntimeClasspath
com.google.guava:failureaccess:1.0.3=annotationProcessor,testRuntimeClasspath
com.google.guava:guava:33.5.0-jre=annotationProcessor,testRuntimeClasspath
com.google.guava:listenablefuture:9999.0-empty-to-avoid-conflict-with-guava=annotationProcessor,testRuntimeClasspath
com.google.j2objc:j2objc-annotations:3.1=annotationProcessor,testRuntimeClasspath
com.networknt:json-schema-validator:2.0.4=annotationProcessor
com.squareup.okhttp3:okhttp:4.12.0=testRuntimeClasspath
com.squareup.okio:okio-jvm:3.6.0=testRuntimeClasspath
com.squareup.okio:okio:3.6.0=testRuntimeClasspath
com.squareup.retrofit2:converter-jackson:3.0.0=testRuntimeClasspath
com.squareup.retrofit2:retrofit:3.0.0=testRuntimeClasspath
foundation.icon:blst-java:0.3.2=testRuntimeClasspath
org.apiguardian:apiguardian-api:1.1.2=testCompileClasspath
org.bouncycastle:bcprov-jdk18on:1.83=annotationProcessor,compileClasspath,testCompileClasspath,testRuntimeClasspath
org.jetbrains.kotlin:kotlin-stdlib-common:2.1.21=testRuntimeClasspath
org.jetbrains.kotlin:kotlin-stdlib-jdk7:1.9.10=testRuntimeClasspath
org.jetbrains.kotlin:kotlin-stdlib-jdk8:1.9.10=testRuntimeClasspath
org.jetbrains.kotlin:kotlin-stdlib:2.1.21=testRuntimeClasspath
org.jetbrains:annotations:13.0=testRuntimeClasspath
org.jspecify:jspecify:1.0.0=annotationProcessor,testRuntimeClasspath
org.junit.jupiter:junit-jupiter-api:5.11.4=testCompileClasspath,testRuntimeClasspath
org.junit.jupiter:junit-jupiter-engine:5.11.4=testRuntimeClasspath
org.junit.jupiter:junit-jupiter-params:5.11.4=testCompileClasspath,testRuntimeClasspath
org.junit.jupiter:junit-jupiter:5.11.4=testCompileClasspath,testRuntimeClasspath
org.junit.platform:junit-platform-commons:1.11.4=testCompileClasspath,testRuntimeClasspath
org.junit.platform:junit-platform-engine:1.11.4=testRuntimeClasspath
org.junit.platform:junit-platform-launcher:1.11.4=testRuntimeClasspath
org.junit:junit-bom:5.11.4=testCompileClasspath,testRuntimeClasspath
org.opentest4j:opentest4j:1.3.0=testCompileClasspath,testRuntimeClasspath
org.slf4j:slf4j-api:2.0.17=annotationProcessor,compileClasspath,testCompileClasspath,testRuntimeClasspath
org.yaml:snakeyaml:2.4=annotationProcessor,testRuntimeClasspath
empty=testAnnotationProcessor
